// !$*UTF8*$!
{
	archiveVersion = 1;
	classes = {
	};
	objectVersion = 56;
	objects = {

/* Begin PBXBuildFile section */
		45050E5F2C20168500E40654 /* CreateValidatorError.swift in Sources */ = {isa = PBXBuildFile; fileRef = 45050E5E2C20168500E40654 /* CreateValidatorError.swift */; };
		45050E612C2016CD00E40654 /* CreateValidatorErrorTests.swift in Sources */ = {isa = PBXBuildFile; fileRef = 45050E602C2016CD00E40654 /* CreateValidatorErrorTests.swift */; };
		45050E652C21041800E40654 /* PeopleViewModelTests.swift in Sources */ = {isa = PBXBuildFile; fileRef = 45050E642C21041800E40654 /* PeopleViewModelTests.swift */; };
		45050E682C21048700E40654 /* MockFetchPeopleUseCase.swift in Sources */ = {isa = PBXBuildFile; fileRef = 45050E672C21048700E40654 /* MockFetchPeopleUseCase.swift */; };
		4571A8402C2111CE001D731A /* FetchNextPeopleUseCaseTests.swift in Sources */ = {isa = PBXBuildFile; fileRef = 4571A83F2C2111CE001D731A /* FetchNextPeopleUseCaseTests.swift */; };
		4571A8422C2111EF001D731A /* FetchNextPeopleUseCase.swift in Sources */ = {isa = PBXBuildFile; fileRef = 4571A8412C2111EF001D731A /* FetchNextPeopleUseCase.swift */; };
		4571A8442C211375001D731A /* MockFetchNextPeopleUseCase.swift in Sources */ = {isa = PBXBuildFile; fileRef = 4571A8432C211375001D731A /* MockFetchNextPeopleUseCase.swift */; };
		4571A8462C2117AC001D731A /* DetailsViewModelTests.swift in Sources */ = {isa = PBXBuildFile; fileRef = 4571A8452C2117AC001D731A /* DetailsViewModelTests.swift */; };
		4571A8482C211860001D731A /* MockFetchUserDetailsUseCase.swift in Sources */ = {isa = PBXBuildFile; fileRef = 4571A8472C211860001D731A /* MockFetchUserDetailsUseCase.swift */; };
		4571A84B2C2119E2001D731A /* CreateViewModelTests.swift in Sources */ = {isa = PBXBuildFile; fileRef = 4571A84A2C2119E2001D731A /* CreateViewModelTests.swift */; };
		4571A84D2C211A6F001D731A /* MockCreateUserUseCase.swift in Sources */ = {isa = PBXBuildFile; fileRef = 4571A84C2C211A6F001D731A /* MockCreateUserUseCase.swift */; };
		4571A84F2C211C9E001D731A /* AppDIContainer+Manager.swift in Sources */ = {isa = PBXBuildFile; fileRef = 4571A84E2C211C9E001D731A /* AppDIContainer+Manager.swift */; };
		4571A8512C211D1F001D731A /* MockCreateValidator.swift in Sources */ = {isa = PBXBuildFile; fileRef = 4571A8502C211D1F001D731A /* MockCreateValidator.swift */; };
		4571A8652C21326B001D731A /* PeopleViewUITests.swift in Sources */ = {isa = PBXBuildFile; fileRef = 4571A8642C21326B001D731A /* PeopleViewUITests.swift */; };
		4571A8692C21347F001D731A /* UITestingHelper.swift in Sources */ = {isa = PBXBuildFile; fileRef = 4571A8682C21347F001D731A /* UITestingHelper.swift */; };
		4598A1152C1AA6AF009CA770 /* PeopleAppApp.swift in Sources */ = {isa = PBXBuildFile; fileRef = 4598A1142C1AA6AF009CA770 /* PeopleAppApp.swift */; };
		4598A1172C1AA6AF009CA770 /* ContentView.swift in Sources */ = {isa = PBXBuildFile; fileRef = 4598A1162C1AA6AF009CA770 /* ContentView.swift */; };
		4598A1192C1AA6B1009CA770 /* Assets.xcassets in Resources */ = {isa = PBXBuildFile; fileRef = 4598A1182C1AA6B1009CA770 /* Assets.xcassets */; };
		4598A11C2C1AA6B1009CA770 /* Preview Assets.xcassets in Resources */ = {isa = PBXBuildFile; fileRef = 4598A11B2C1AA6B1009CA770 /* Preview Assets.xcassets */; };
		4598A1242C1AA6CA009CA770 /* Symbols.swift in Sources */ = {isa = PBXBuildFile; fileRef = 4598A1232C1AA6CA009CA770 /* Symbols.swift */; };
		4598A1262C1AA8F5009CA770 /* Theme.swift in Sources */ = {isa = PBXBuildFile; fileRef = 4598A1252C1AA8F4009CA770 /* Theme.swift */; };
		4598A13B2C1ABD2D009CA770 /* SingleUserData.json in Resources */ = {isa = PBXBuildFile; fileRef = 4598A1392C1ABD2D009CA770 /* SingleUserData.json */; };
		4598A13C2C1ABD2D009CA770 /* UsersStaticData.json in Resources */ = {isa = PBXBuildFile; fileRef = 4598A13A2C1ABD2D009CA770 /* UsersStaticData.json */; };
		4598A13E2C1ABE37009CA770 /* UserDetailsResponse.swift in Sources */ = {isa = PBXBuildFile; fileRef = 4598A13D2C1ABE37009CA770 /* UserDetailsResponse.swift */; };
		4598A1402C1ABEA6009CA770 /* UserResponse.swift in Sources */ = {isa = PBXBuildFile; fileRef = 4598A13F2C1ABEA6009CA770 /* UserResponse.swift */; };
		4598A1442C1AC02D009CA770 /* User.swift in Sources */ = {isa = PBXBuildFile; fileRef = 4598A1432C1AC02D009CA770 /* User.swift */; };
		4598A1462C1AC031009CA770 /* Support.swift in Sources */ = {isa = PBXBuildFile; fileRef = 4598A1452C1AC031009CA770 /* Support.swift */; };
		4598A1492C1AC08D009CA770 /* StaticJSONMapper.swift in Sources */ = {isa = PBXBuildFile; fileRef = 4598A1482C1AC08D009CA770 /* StaticJSONMapper.swift */; };
		4598A14B2C1AC546009CA770 /* PeopleView.swift in Sources */ = {isa = PBXBuildFile; fileRef = 4598A14A2C1AC546009CA770 /* PeopleView.swift */; };
		4598A14F2C1AC58E009CA770 /* PeopleViewModel.swift in Sources */ = {isa = PBXBuildFile; fileRef = 4598A14E2C1AC58E009CA770 /* PeopleViewModel.swift */; };
		4598A1512C1ACBCC009CA770 /* PersonItemView.swift in Sources */ = {isa = PBXBuildFile; fileRef = 4598A1502C1ACBCC009CA770 /* PersonItemView.swift */; };
		4598A1542C1ACC9B009CA770 /* PillView.swift in Sources */ = {isa = PBXBuildFile; fileRef = 4598A1532C1ACC9B009CA770 /* PillView.swift */; };
		4598A1562C1AD078009CA770 /* DetailsView.swift in Sources */ = {isa = PBXBuildFile; fileRef = 4598A1552C1AD078009CA770 /* DetailsView.swift */; };
		4598A1582C1AD091009CA770 /* DetailsViewModel.swift in Sources */ = {isa = PBXBuildFile; fileRef = 4598A1572C1AD091009CA770 /* DetailsViewModel.swift */; };
		45AAC4C42C214A1D005B52A4 /* DetailsViewUITests.swift in Sources */ = {isa = PBXBuildFile; fileRef = 45AAC4C32C214A1D005B52A4 /* DetailsViewUITests.swift */; };
		45AAC4C52C214C95005B52A4 /* UITestingHelper.swift in Sources */ = {isa = PBXBuildFile; fileRef = 4571A8682C21347F001D731A /* UITestingHelper.swift */; };
		45AAC4C72C225C47005B52A4 /* CreateViewUITests.swift in Sources */ = {isa = PBXBuildFile; fileRef = 45AAC4C62C225C47005B52A4 /* CreateViewUITests.swift */; };
		45AAC4CB2C2269F7005B52A4 /* SettingsViewUITests.swift in Sources */ = {isa = PBXBuildFile; fileRef = 45AAC4CA2C2269F7005B52A4 /* SettingsViewUITests.swift */; };
		45EDD9D72C1C0C66003DABE9 /* JSONOptionType.swift in Sources */ = {isa = PBXBuildFile; fileRef = 45EDD9D62C1C0C66003DABE9 /* JSONOptionType.swift */; };
		45EDD9D92C1C0F76003DABE9 /* CreateView.swift in Sources */ = {isa = PBXBuildFile; fileRef = 45EDD9D82C1C0F76003DABE9 /* CreateView.swift */; };
		45EDD9DB2C1C0F95003DABE9 /* CreateViewModel.swift in Sources */ = {isa = PBXBuildFile; fileRef = 45EDD9DA2C1C0F95003DABE9 /* CreateViewModel.swift */; };
		45EDD9DE2C1C151B003DABE9 /* HTTPClient.swift in Sources */ = {isa = PBXBuildFile; fileRef = 45EDD9DD2C1C151B003DABE9 /* HTTPClient.swift */; };
		45EDD9E02C1C281C003DABE9 /* NewPerson.swift in Sources */ = {isa = PBXBuildFile; fileRef = 45EDD9DF2C1C281C003DABE9 /* NewPerson.swift */; };
		45EDD9E22C1C535E003DABE9 /* ViewState.swift in Sources */ = {isa = PBXBuildFile; fileRef = 45EDD9E12C1C535E003DABE9 /* ViewState.swift */; };
		45EDD9E82C1C5C81003DABE9 /* AlertModifier.swift in Sources */ = {isa = PBXBuildFile; fileRef = 45EDD9E72C1C5C81003DABE9 /* AlertModifier.swift */; };
		45EDD9EA2C1C5FF5003DABE9 /* CheckmarkPopoverView.swift in Sources */ = {isa = PBXBuildFile; fileRef = 45EDD9E92C1C5FF5003DABE9 /* CheckmarkPopoverView.swift */; };
		45EDD9ED2C1C6577003DABE9 /* View+Navigation.swift in Sources */ = {isa = PBXBuildFile; fileRef = 45EDD9EC2C1C6577003DABE9 /* View+Navigation.swift */; };
		45EDD9F02C1D1D84003DABE9 /* CreateValidator.swift in Sources */ = {isa = PBXBuildFile; fileRef = 45EDD9EF2C1D1D84003DABE9 /* CreateValidator.swift */; };
		45EDD9F32C1D6B7D003DABE9 /* HapticsManager.swift in Sources */ = {isa = PBXBuildFile; fileRef = 45EDD9F12C1D6B7D003DABE9 /* HapticsManager.swift */; };
		45EDD9F62C1D6B8E003DABE9 /* UserDefaultKeys.swift in Sources */ = {isa = PBXBuildFile; fileRef = 45EDD9F42C1D6B8E003DABE9 /* UserDefaultKeys.swift */; };
		45EDD9F82C1D6BAB003DABE9 /* SettingsView.swift in Sources */ = {isa = PBXBuildFile; fileRef = 45EDD9F72C1D6BAB003DABE9 /* SettingsView.swift */; };
		45EDD9FA2C1D6ED6003DABE9 /* Endpoint.swift in Sources */ = {isa = PBXBuildFile; fileRef = 45EDD9F92C1D6ED6003DABE9 /* Endpoint.swift */; };
		45EDD9FC2C1D7B55003DABE9 /* OnFirstAppear.swift in Sources */ = {isa = PBXBuildFile; fileRef = 45EDD9FB2C1D7B55003DABE9 /* OnFirstAppear.swift */; };
		45EDDA0D2C1D8B73003DABE9 /* StaticJSONMapperTests.swift in Sources */ = {isa = PBXBuildFile; fileRef = 45EDDA0C2C1D8B73003DABE9 /* StaticJSONMapperTests.swift */; };
		45EDDA122C1D953B003DABE9 /* CreateValidatorTests.swift in Sources */ = {isa = PBXBuildFile; fileRef = 45EDDA112C1D953B003DABE9 /* CreateValidatorTests.swift */; };
		45EDDA1C2C1E71E4003DABE9 /* PeopleDataSource.swift in Sources */ = {isa = PBXBuildFile; fileRef = 45EDDA1B2C1E71E4003DABE9 /* PeopleDataSource.swift */; };
		45EDDA1E2C1E7433003DABE9 /* PeopleRepository.swift in Sources */ = {isa = PBXBuildFile; fileRef = 45EDDA1D2C1E7433003DABE9 /* PeopleRepository.swift */; };
		45EDDA202C1E744F003DABE9 /* PeopleRepositoryImpl.swift in Sources */ = {isa = PBXBuildFile; fileRef = 45EDDA1F2C1E744F003DABE9 /* PeopleRepositoryImpl.swift */; };
		45EDDA222C1E751C003DABE9 /* FetchPeopleUseCase.swift in Sources */ = {isa = PBXBuildFile; fileRef = 45EDDA212C1E751C003DABE9 /* FetchPeopleUseCase.swift */; };
		45EDDA252C1E754B003DABE9 /* FetchUserDetailsUseCase.swift in Sources */ = {isa = PBXBuildFile; fileRef = 45EDDA242C1E754B003DABE9 /* FetchUserDetailsUseCase.swift */; };
		45EDDA272C1E7570003DABE9 /* CreateUserUseCase.swift in Sources */ = {isa = PBXBuildFile; fileRef = 45EDDA262C1E7570003DABE9 /* CreateUserUseCase.swift */; };
		45EDDA2A2C1E7874003DABE9 /* AppDIContainer.swift in Sources */ = {isa = PBXBuildFile; fileRef = 45EDDA292C1E7874003DABE9 /* AppDIContainer.swift */; };
		45EDDA2F2C1E7889003DABE9 /* AddDIContainer+UseCase.swift in Sources */ = {isa = PBXBuildFile; fileRef = 45EDDA2B2C1E7889003DABE9 /* AddDIContainer+UseCase.swift */; };
		45EDDA302C1E7889003DABE9 /* AppContainer+DataSource.swift in Sources */ = {isa = PBXBuildFile; fileRef = 45EDDA2C2C1E7889003DABE9 /* AppContainer+DataSource.swift */; };
		45EDDA312C1E7889003DABE9 /* AppDIContainer+ViewModel.swift in Sources */ = {isa = PBXBuildFile; fileRef = 45EDDA2D2C1E7889003DABE9 /* AppDIContainer+ViewModel.swift */; };
		45EDDA322C1E7889003DABE9 /* AppDIContaine+Repository.swift in Sources */ = {isa = PBXBuildFile; fileRef = 45EDDA2E2C1E7889003DABE9 /* AppDIContaine+Repository.swift */; };
		45EDDA352C1E7F77003DABE9 /* AppRouter.swift in Sources */ = {isa = PBXBuildFile; fileRef = 45EDDA342C1E7F77003DABE9 /* AppRouter.swift */; };
		45EDDA3A2C1FB466003DABE9 /* FetchPeopleUseCaseTests.swift in Sources */ = {isa = PBXBuildFile; fileRef = 45EDDA392C1FB466003DABE9 /* FetchPeopleUseCaseTests.swift */; };
		45EDDA412C1FBA01003DABE9 /* EndpointTests.swift in Sources */ = {isa = PBXBuildFile; fileRef = 45EDDA402C1FBA01003DABE9 /* EndpointTests.swift */; };
		45EDDA432C1FBDF2003DABE9 /* MockURLSessionProtocol.swift in Sources */ = {isa = PBXBuildFile; fileRef = 45EDDA422C1FBDF1003DABE9 /* MockURLSessionProtocol.swift */; };
		45EDDA452C1FBFAB003DABE9 /* HTTPClientTests.swift in Sources */ = {isa = PBXBuildFile; fileRef = 45EDDA442C1FBFAB003DABE9 /* HTTPClientTests.swift */; };
		45EDDA472C1FD2D4003DABE9 /* FetchUserDetailsUseCaseTests.swift in Sources */ = {isa = PBXBuildFile; fileRef = 45EDDA462C1FD2D4003DABE9 /* FetchUserDetailsUseCaseTests.swift */; };
		45EDDA492C1FD3FC003DABE9 /* CreateUserUseCaseTests.swift in Sources */ = {isa = PBXBuildFile; fileRef = 45EDDA482C1FD3FC003DABE9 /* CreateUserUseCaseTests.swift */; };
		45EDDA502C1FD67E003DABE9 /* PeopleDataSourceSuccessMock.swift in Sources */ = {isa = PBXBuildFile; fileRef = 45EDDA4F2C1FD67E003DABE9 /* PeopleDataSourceSuccessMock.swift */; };
		45EDDA522C1FD69C003DABE9 /* PeopleDataSourceFailMock.swift in Sources */ = {isa = PBXBuildFile; fileRef = 45EDDA512C1FD69C003DABE9 /* PeopleDataSourceFailMock.swift */; };
		45EDDA532C1FD6D5003DABE9 /* PeopleRepositoryMock.swift in Sources */ = {isa = PBXBuildFile; fileRef = 45EDDA3D2C1FB4B7003DABE9 /* PeopleRepositoryMock.swift */; };
		45EDDA562C1FD731003DABE9 /* PeopleDataSourceTests.swift in Sources */ = {isa = PBXBuildFile; fileRef = 45EDDA552C1FD731003DABE9 /* PeopleDataSourceTests.swift */; };
		45EDDA592C1FFA3D003DABE9 /* PeopleRepositoryTests.swift in Sources */ = {isa = PBXBuildFile; fileRef = 45EDDA582C1FFA3D003DABE9 /* PeopleRepositoryTests.swift */; };
		45EDDA5B2C1FFB70003DABE9 /* PeopleDataSourceMock.swift in Sources */ = {isa = PBXBuildFile; fileRef = 45EDDA5A2C1FFB70003DABE9 /* PeopleDataSourceMock.swift */; };
		45EDDA5D2C200886003DABE9 /* HTTPClientMock.swift in Sources */ = {isa = PBXBuildFile; fileRef = 45EDDA5C2C200886003DABE9 /* HTTPClientMock.swift */; };
/* End PBXBuildFile section */

/* Begin PBXContainerItemProxy section */
		4571A85C2C21321B001D731A /* PBXContainerItemProxy */ = {
			isa = PBXContainerItemProxy;
			containerPortal = 4598A1092C1AA6AF009CA770 /* Project object */;
			proxyType = 1;
			remoteGlobalIDString = 4598A1102C1AA6AF009CA770;
			remoteInfo = PeopleApp;
		};
		45EDDA052C1D8B3A003DABE9 /* PBXContainerItemProxy */ = {
			isa = PBXContainerItemProxy;
			containerPortal = 4598A1092C1AA6AF009CA770 /* Project object */;
			proxyType = 1;
			remoteGlobalIDString = 4598A1102C1AA6AF009CA770;
			remoteInfo = PeopleApp;
		};
/* End PBXContainerItemProxy section */

/* Begin PBXFileReference section */
		45050E5E2C20168500E40654 /* CreateValidatorError.swift */ = {isa = PBXFileReference; lastKnownFileType = sourcecode.swift; path = CreateValidatorError.swift; sourceTree = "<group>"; };
		45050E602C2016CD00E40654 /* CreateValidatorErrorTests.swift */ = {isa = PBXFileReference; lastKnownFileType = sourcecode.swift; path = CreateValidatorErrorTests.swift; sourceTree = "<group>"; };
		45050E642C21041800E40654 /* PeopleViewModelTests.swift */ = {isa = PBXFileReference; lastKnownFileType = sourcecode.swift; path = PeopleViewModelTests.swift; sourceTree = "<group>"; };
		45050E672C21048700E40654 /* MockFetchPeopleUseCase.swift */ = {isa = PBXFileReference; lastKnownFileType = sourcecode.swift; path = MockFetchPeopleUseCase.swift; sourceTree = "<group>"; };
		4571A83F2C2111CE001D731A /* FetchNextPeopleUseCaseTests.swift */ = {isa = PBXFileReference; lastKnownFileType = sourcecode.swift; path = FetchNextPeopleUseCaseTests.swift; sourceTree = "<group>"; };
		4571A8412C2111EF001D731A /* FetchNextPeopleUseCase.swift */ = {isa = PBXFileReference; lastKnownFileType = sourcecode.swift; path = FetchNextPeopleUseCase.swift; sourceTree = "<group>"; };
		4571A8432C211375001D731A /* MockFetchNextPeopleUseCase.swift */ = {isa = PBXFileReference; lastKnownFileType = sourcecode.swift; path = MockFetchNextPeopleUseCase.swift; sourceTree = "<group>"; };
		4571A8452C2117AC001D731A /* DetailsViewModelTests.swift */ = {isa = PBXFileReference; lastKnownFileType = sourcecode.swift; path = DetailsViewModelTests.swift; sourceTree = "<group>"; };
		4571A8472C211860001D731A /* MockFetchUserDetailsUseCase.swift */ = {isa = PBXFileReference; lastKnownFileType = sourcecode.swift; path = MockFetchUserDetailsUseCase.swift; sourceTree = "<group>"; };
		4571A84A2C2119E2001D731A /* CreateViewModelTests.swift */ = {isa = PBXFileReference; lastKnownFileType = sourcecode.swift; path = CreateViewModelTests.swift; sourceTree = "<group>"; };
		4571A84C2C211A6F001D731A /* MockCreateUserUseCase.swift */ = {isa = PBXFileReference; lastKnownFileType = sourcecode.swift; path = MockCreateUserUseCase.swift; sourceTree = "<group>"; };
		4571A84E2C211C9E001D731A /* AppDIContainer+Manager.swift */ = {isa = PBXFileReference; lastKnownFileType = sourcecode.swift; path = "AppDIContainer+Manager.swift"; sourceTree = "<group>"; };
		4571A8502C211D1F001D731A /* MockCreateValidator.swift */ = {isa = PBXFileReference; lastKnownFileType = sourcecode.swift; path = MockCreateValidator.swift; sourceTree = "<group>"; };
		4571A8562C21321B001D731A /* PeopleAppUITests.xctest */ = {isa = PBXFileReference; explicitFileType = wrapper.cfbundle; includeInIndex = 0; path = PeopleAppUITests.xctest; sourceTree = BUILT_PRODUCTS_DIR; };
		4571A8642C21326B001D731A /* PeopleViewUITests.swift */ = {isa = PBXFileReference; lastKnownFileType = sourcecode.swift; path = PeopleViewUITests.swift; sourceTree = "<group>"; };
		4571A8682C21347F001D731A /* UITestingHelper.swift */ = {isa = PBXFileReference; lastKnownFileType = sourcecode.swift; path = UITestingHelper.swift; sourceTree = "<group>"; };
		4598A1112C1AA6AF009CA770 /* PeopleApp.app */ = {isa = PBXFileReference; explicitFileType = wrapper.application; includeInIndex = 0; path = PeopleApp.app; sourceTree = BUILT_PRODUCTS_DIR; };
		4598A1142C1AA6AF009CA770 /* PeopleAppApp.swift */ = {isa = PBXFileReference; lastKnownFileType = sourcecode.swift; path = PeopleAppApp.swift; sourceTree = "<group>"; };
		4598A1162C1AA6AF009CA770 /* ContentView.swift */ = {isa = PBXFileReference; lastKnownFileType = sourcecode.swift; path = ContentView.swift; sourceTree = "<group>"; };
		4598A1182C1AA6B1009CA770 /* Assets.xcassets */ = {isa = PBXFileReference; lastKnownFileType = folder.assetcatalog; path = Assets.xcassets; sourceTree = "<group>"; };
		4598A11B2C1AA6B1009CA770 /* Preview Assets.xcassets */ = {isa = PBXFileReference; lastKnownFileType = folder.assetcatalog; path = "Preview Assets.xcassets"; sourceTree = "<group>"; };
		4598A1232C1AA6CA009CA770 /* Symbols.swift */ = {isa = PBXFileReference; lastKnownFileType = sourcecode.swift; path = Symbols.swift; sourceTree = "<group>"; };
		4598A1252C1AA8F4009CA770 /* Theme.swift */ = {isa = PBXFileReference; lastKnownFileType = sourcecode.swift; path = Theme.swift; sourceTree = "<group>"; };
		4598A1372C1AACC0009CA770 /* Info.plist */ = {isa = PBXFileReference; lastKnownFileType = text.plist; path = Info.plist; sourceTree = "<group>"; };
		4598A1392C1ABD2D009CA770 /* SingleUserData.json */ = {isa = PBXFileReference; fileEncoding = 4; lastKnownFileType = text.json; path = SingleUserData.json; sourceTree = "<group>"; };
		4598A13A2C1ABD2D009CA770 /* UsersStaticData.json */ = {isa = PBXFileReference; fileEncoding = 4; lastKnownFileType = text.json; path = UsersStaticData.json; sourceTree = "<group>"; };
		4598A13D2C1ABE37009CA770 /* UserDetailsResponse.swift */ = {isa = PBXFileReference; lastKnownFileType = sourcecode.swift; path = UserDetailsResponse.swift; sourceTree = "<group>"; };
		4598A13F2C1ABEA6009CA770 /* UserResponse.swift */ = {isa = PBXFileReference; lastKnownFileType = sourcecode.swift; path = UserResponse.swift; sourceTree = "<group>"; };
		4598A1432C1AC02D009CA770 /* User.swift */ = {isa = PBXFileReference; lastKnownFileType = sourcecode.swift; path = User.swift; sourceTree = "<group>"; };
		4598A1452C1AC031009CA770 /* Support.swift */ = {isa = PBXFileReference; lastKnownFileType = sourcecode.swift; path = Support.swift; sourceTree = "<group>"; };
		4598A1482C1AC08D009CA770 /* StaticJSONMapper.swift */ = {isa = PBXFileReference; lastKnownFileType = sourcecode.swift; path = StaticJSONMapper.swift; sourceTree = "<group>"; };
		4598A14A2C1AC546009CA770 /* PeopleView.swift */ = {isa = PBXFileReference; fileEncoding = 4; lastKnownFileType = sourcecode.swift; path = PeopleView.swift; sourceTree = "<group>"; };
		4598A14E2C1AC58E009CA770 /* PeopleViewModel.swift */ = {isa = PBXFileReference; fileEncoding = 4; lastKnownFileType = sourcecode.swift; path = PeopleViewModel.swift; sourceTree = "<group>"; };
		4598A1502C1ACBCC009CA770 /* PersonItemView.swift */ = {isa = PBXFileReference; fileEncoding = 4; lastKnownFileType = sourcecode.swift; path = PersonItemView.swift; sourceTree = "<group>"; };
		4598A1532C1ACC9B009CA770 /* PillView.swift */ = {isa = PBXFileReference; fileEncoding = 4; lastKnownFileType = sourcecode.swift; path = PillView.swift; sourceTree = "<group>"; };
		4598A1552C1AD078009CA770 /* DetailsView.swift */ = {isa = PBXFileReference; lastKnownFileType = sourcecode.swift; path = DetailsView.swift; sourceTree = "<group>"; };
		4598A1572C1AD091009CA770 /* DetailsViewModel.swift */ = {isa = PBXFileReference; lastKnownFileType = sourcecode.swift; path = DetailsViewModel.swift; sourceTree = "<group>"; };
		45AAC4C32C214A1D005B52A4 /* DetailsViewUITests.swift */ = {isa = PBXFileReference; lastKnownFileType = sourcecode.swift; path = DetailsViewUITests.swift; sourceTree = "<group>"; };
		45AAC4C62C225C47005B52A4 /* CreateViewUITests.swift */ = {isa = PBXFileReference; lastKnownFileType = sourcecode.swift; path = CreateViewUITests.swift; sourceTree = "<group>"; };
		45AAC4CA2C2269F7005B52A4 /* SettingsViewUITests.swift */ = {isa = PBXFileReference; lastKnownFileType = sourcecode.swift; path = SettingsViewUITests.swift; sourceTree = "<group>"; };
		45EDD9D62C1C0C66003DABE9 /* JSONOptionType.swift */ = {isa = PBXFileReference; lastKnownFileType = sourcecode.swift; path = JSONOptionType.swift; sourceTree = "<group>"; };
		45EDD9D82C1C0F76003DABE9 /* CreateView.swift */ = {isa = PBXFileReference; fileEncoding = 4; lastKnownFileType = sourcecode.swift; path = CreateView.swift; sourceTree = "<group>"; };
		45EDD9DA2C1C0F95003DABE9 /* CreateViewModel.swift */ = {isa = PBXFileReference; fileEncoding = 4; lastKnownFileType = sourcecode.swift; path = CreateViewModel.swift; sourceTree = "<group>"; };
		45EDD9DD2C1C151B003DABE9 /* HTTPClient.swift */ = {isa = PBXFileReference; lastKnownFileType = sourcecode.swift; path = HTTPClient.swift; sourceTree = "<group>"; };
		45EDD9DF2C1C281C003DABE9 /* NewPerson.swift */ = {isa = PBXFileReference; fileEncoding = 4; lastKnownFileType = sourcecode.swift; path = NewPerson.swift; sourceTree = "<group>"; };
		45EDD9E12C1C535E003DABE9 /* ViewState.swift */ = {isa = PBXFileReference; lastKnownFileType = sourcecode.swift; path = ViewState.swift; sourceTree = "<group>"; };
		45EDD9E72C1C5C81003DABE9 /* AlertModifier.swift */ = {isa = PBXFileReference; lastKnownFileType = sourcecode.swift; path = AlertModifier.swift; sourceTree = "<group>"; };
		45EDD9E92C1C5FF5003DABE9 /* CheckmarkPopoverView.swift */ = {isa = PBXFileReference; fileEncoding = 4; lastKnownFileType = sourcecode.swift; path = CheckmarkPopoverView.swift; sourceTree = "<group>"; };
		45EDD9EC2C1C6577003DABE9 /* View+Navigation.swift */ = {isa = PBXFileReference; fileEncoding = 4; lastKnownFileType = sourcecode.swift; path = "View+Navigation.swift"; sourceTree = "<group>"; };
		45EDD9EF2C1D1D84003DABE9 /* CreateValidator.swift */ = {isa = PBXFileReference; lastKnownFileType = sourcecode.swift; path = CreateValidator.swift; sourceTree = "<group>"; };
		45EDD9F12C1D6B7D003DABE9 /* HapticsManager.swift */ = {isa = PBXFileReference; fileEncoding = 4; lastKnownFileType = sourcecode.swift; path = HapticsManager.swift; sourceTree = "<group>"; };
		45EDD9F42C1D6B8E003DABE9 /* UserDefaultKeys.swift */ = {isa = PBXFileReference; fileEncoding = 4; lastKnownFileType = sourcecode.swift; path = UserDefaultKeys.swift; sourceTree = "<group>"; };
		45EDD9F72C1D6BAB003DABE9 /* SettingsView.swift */ = {isa = PBXFileReference; fileEncoding = 4; lastKnownFileType = sourcecode.swift; path = SettingsView.swift; sourceTree = "<group>"; };
		45EDD9F92C1D6ED6003DABE9 /* Endpoint.swift */ = {isa = PBXFileReference; lastKnownFileType = sourcecode.swift; path = Endpoint.swift; sourceTree = "<group>"; };
		45EDD9FB2C1D7B55003DABE9 /* OnFirstAppear.swift */ = {isa = PBXFileReference; lastKnownFileType = sourcecode.swift; path = OnFirstAppear.swift; sourceTree = "<group>"; };
		45EDDA012C1D8B3A003DABE9 /* PeopleAppTests.xctest */ = {isa = PBXFileReference; explicitFileType = wrapper.cfbundle; includeInIndex = 0; path = PeopleAppTests.xctest; sourceTree = BUILT_PRODUCTS_DIR; };
		45EDDA0C2C1D8B73003DABE9 /* StaticJSONMapperTests.swift */ = {isa = PBXFileReference; lastKnownFileType = sourcecode.swift; path = StaticJSONMapperTests.swift; sourceTree = "<group>"; };
		45EDDA112C1D953B003DABE9 /* CreateValidatorTests.swift */ = {isa = PBXFileReference; lastKnownFileType = sourcecode.swift; path = CreateValidatorTests.swift; sourceTree = "<group>"; };
		45EDDA1B2C1E71E4003DABE9 /* PeopleDataSource.swift */ = {isa = PBXFileReference; lastKnownFileType = sourcecode.swift; path = PeopleDataSource.swift; sourceTree = "<group>"; };
		45EDDA1D2C1E7433003DABE9 /* PeopleRepository.swift */ = {isa = PBXFileReference; lastKnownFileType = sourcecode.swift; path = PeopleRepository.swift; sourceTree = "<group>"; };
		45EDDA1F2C1E744F003DABE9 /* PeopleRepositoryImpl.swift */ = {isa = PBXFileReference; lastKnownFileType = sourcecode.swift; path = PeopleRepositoryImpl.swift; sourceTree = "<group>"; };
		45EDDA212C1E751C003DABE9 /* FetchPeopleUseCase.swift */ = {isa = PBXFileReference; lastKnownFileType = sourcecode.swift; path = FetchPeopleUseCase.swift; sourceTree = "<group>"; };
		45EDDA242C1E754B003DABE9 /* FetchUserDetailsUseCase.swift */ = {isa = PBXFileReference; lastKnownFileType = sourcecode.swift; path = FetchUserDetailsUseCase.swift; sourceTree = "<group>"; };
		45EDDA262C1E7570003DABE9 /* CreateUserUseCase.swift */ = {isa = PBXFileReference; lastKnownFileType = sourcecode.swift; path = CreateUserUseCase.swift; sourceTree = "<group>"; };
		45EDDA292C1E7874003DABE9 /* AppDIContainer.swift */ = {isa = PBXFileReference; fileEncoding = 4; lastKnownFileType = sourcecode.swift; path = AppDIContainer.swift; sourceTree = "<group>"; };
		45EDDA2B2C1E7889003DABE9 /* AddDIContainer+UseCase.swift */ = {isa = PBXFileReference; fileEncoding = 4; lastKnownFileType = sourcecode.swift; path = "AddDIContainer+UseCase.swift"; sourceTree = "<group>"; };
		45EDDA2C2C1E7889003DABE9 /* AppContainer+DataSource.swift */ = {isa = PBXFileReference; fileEncoding = 4; lastKnownFileType = sourcecode.swift; path = "AppContainer+DataSource.swift"; sourceTree = "<group>"; };
		45EDDA2D2C1E7889003DABE9 /* AppDIContainer+ViewModel.swift */ = {isa = PBXFileReference; fileEncoding = 4; lastKnownFileType = sourcecode.swift; path = "AppDIContainer+ViewModel.swift"; sourceTree = "<group>"; };
		45EDDA2E2C1E7889003DABE9 /* AppDIContaine+Repository.swift */ = {isa = PBXFileReference; fileEncoding = 4; lastKnownFileType = sourcecode.swift; path = "AppDIContaine+Repository.swift"; sourceTree = "<group>"; };
		45EDDA342C1E7F77003DABE9 /* AppRouter.swift */ = {isa = PBXFileReference; lastKnownFileType = sourcecode.swift; path = AppRouter.swift; sourceTree = "<group>"; };
		45EDDA392C1FB466003DABE9 /* FetchPeopleUseCaseTests.swift */ = {isa = PBXFileReference; lastKnownFileType = sourcecode.swift; path = FetchPeopleUseCaseTests.swift; sourceTree = "<group>"; };
		45EDDA3D2C1FB4B7003DABE9 /* PeopleRepositoryMock.swift */ = {isa = PBXFileReference; lastKnownFileType = sourcecode.swift; path = PeopleRepositoryMock.swift; sourceTree = "<group>"; };
		45EDDA402C1FBA01003DABE9 /* EndpointTests.swift */ = {isa = PBXFileReference; lastKnownFileType = sourcecode.swift; path = EndpointTests.swift; sourceTree = "<group>"; };
		45EDDA422C1FBDF1003DABE9 /* MockURLSessionProtocol.swift */ = {isa = PBXFileReference; fileEncoding = 4; lastKnownFileType = sourcecode.swift; path = MockURLSessionProtocol.swift; sourceTree = "<group>"; };
		45EDDA442C1FBFAB003DABE9 /* HTTPClientTests.swift */ = {isa = PBXFileReference; lastKnownFileType = sourcecode.swift; path = HTTPClientTests.swift; sourceTree = "<group>"; };
		45EDDA462C1FD2D4003DABE9 /* FetchUserDetailsUseCaseTests.swift */ = {isa = PBXFileReference; lastKnownFileType = sourcecode.swift; path = FetchUserDetailsUseCaseTests.swift; sourceTree = "<group>"; };
		45EDDA482C1FD3FC003DABE9 /* CreateUserUseCaseTests.swift */ = {isa = PBXFileReference; lastKnownFileType = sourcecode.swift; path = CreateUserUseCaseTests.swift; sourceTree = "<group>"; };
		45EDDA4F2C1FD67E003DABE9 /* PeopleDataSourceSuccessMock.swift */ = {isa = PBXFileReference; lastKnownFileType = sourcecode.swift; path = PeopleDataSourceSuccessMock.swift; sourceTree = "<group>"; };
		45EDDA512C1FD69C003DABE9 /* PeopleDataSourceFailMock.swift */ = {isa = PBXFileReference; lastKnownFileType = sourcecode.swift; path = PeopleDataSourceFailMock.swift; sourceTree = "<group>"; };
		45EDDA552C1FD731003DABE9 /* PeopleDataSourceTests.swift */ = {isa = PBXFileReference; lastKnownFileType = sourcecode.swift; path = PeopleDataSourceTests.swift; sourceTree = "<group>"; };
		45EDDA582C1FFA3D003DABE9 /* PeopleRepositoryTests.swift */ = {isa = PBXFileReference; lastKnownFileType = sourcecode.swift; path = PeopleRepositoryTests.swift; sourceTree = "<group>"; };
		45EDDA5A2C1FFB70003DABE9 /* PeopleDataSourceMock.swift */ = {isa = PBXFileReference; lastKnownFileType = sourcecode.swift; path = PeopleDataSourceMock.swift; sourceTree = "<group>"; };
		45EDDA5C2C200886003DABE9 /* HTTPClientMock.swift */ = {isa = PBXFileReference; lastKnownFileType = sourcecode.swift; path = HTTPClientMock.swift; sourceTree = "<group>"; };
/* End PBXFileReference section */

/* Begin PBXFrameworksBuildPhase section */
		4571A8532C21321B001D731A /* Frameworks */ = {
			isa = PBXFrameworksBuildPhase;
			buildActionMask = 2147483647;
			files = (
			);
			runOnlyForDeploymentPostprocessing = 0;
		};
		4598A10E2C1AA6AF009CA770 /* Frameworks */ = {
			isa = PBXFrameworksBuildPhase;
			buildActionMask = 2147483647;
			files = (
			);
			runOnlyForDeploymentPostprocessing = 0;
		};
		45EDD9FE2C1D8B3A003DABE9 /* Frameworks */ = {
			isa = PBXFrameworksBuildPhase;
			buildActionMask = 2147483647;
			files = (
			);
			runOnlyForDeploymentPostprocessing = 0;
		};
/* End PBXFrameworksBuildPhase section */

/* Begin PBXGroup section */
		45050E622C2103EF00E40654 /* Presentation */ = {
			isa = PBXGroup;
			children = (
				45050E632C21040500E40654 /* ViewModel */,
			);
			path = Presentation;
			sourceTree = "<group>";
		};
		45050E632C21040500E40654 /* ViewModel */ = {
			isa = PBXGroup;
			children = (
				45050E642C21041800E40654 /* PeopleViewModelTests.swift */,
				4571A8452C2117AC001D731A /* DetailsViewModelTests.swift */,
				4571A84A2C2119E2001D731A /* CreateViewModelTests.swift */,
			);
			path = ViewModel;
			sourceTree = "<group>";
		};
		45050E662C21047300E40654 /* MockUseCase */ = {
			isa = PBXGroup;
			children = (
				45050E672C21048700E40654 /* MockFetchPeopleUseCase.swift */,
				4571A8432C211375001D731A /* MockFetchNextPeopleUseCase.swift */,
				4571A8472C211860001D731A /* MockFetchUserDetailsUseCase.swift */,
				4571A84C2C211A6F001D731A /* MockCreateUserUseCase.swift */,
				4571A8502C211D1F001D731A /* MockCreateValidator.swift */,
			);
			path = MockUseCase;
			sourceTree = "<group>";
		};
		4571A8572C21321B001D731A /* PeopleAppUITests */ = {
			isa = PBXGroup;
			children = (
				4571A8612C213232001D731A /* Features */,
			);
			path = PeopleAppUITests;
			sourceTree = "<group>";
		};
		4571A8612C213232001D731A /* Features */ = {
			isa = PBXGroup;
			children = (
				4571A8622C21324D001D731A /* People */,
			);
			path = Features;
			sourceTree = "<group>";
		};
		4571A8622C21324D001D731A /* People */ = {
			isa = PBXGroup;
			children = (
				4571A8632C213254001D731A /* Presentation */,
			);
			path = People;
			sourceTree = "<group>";
		};
		4571A8632C213254001D731A /* Presentation */ = {
			isa = PBXGroup;
			children = (
				4571A8642C21326B001D731A /* PeopleViewUITests.swift */,
				45AAC4C32C214A1D005B52A4 /* DetailsViewUITests.swift */,
				45AAC4C62C225C47005B52A4 /* CreateViewUITests.swift */,
				45AAC4CA2C2269F7005B52A4 /* SettingsViewUITests.swift */,
			);
			path = Presentation;
			sourceTree = "<group>";
		};
		4571A8662C213464001D731A /* UITesting */ = {
			isa = PBXGroup;
			children = (
				4571A8682C21347F001D731A /* UITestingHelper.swift */,
			);
			path = UITesting;
			sourceTree = "<group>";
		};
		4598A1082C1AA6AF009CA770 = {
			isa = PBXGroup;
			children = (
				4598A1132C1AA6AF009CA770 /* PeopleApp */,
				45EDDA022C1D8B3A003DABE9 /* PeopleAppTests */,
				4571A8572C21321B001D731A /* PeopleAppUITests */,
				4598A1122C1AA6AF009CA770 /* Products */,
			);
			sourceTree = "<group>";
		};
		4598A1122C1AA6AF009CA770 /* Products */ = {
			isa = PBXGroup;
			children = (
				4598A1112C1AA6AF009CA770 /* PeopleApp.app */,
				45EDDA012C1D8B3A003DABE9 /* PeopleAppTests.xctest */,
				4571A8562C21321B001D731A /* PeopleAppUITests.xctest */,
			);
			name = Products;
			sourceTree = "<group>";
		};
		4598A1132C1AA6AF009CA770 /* PeopleApp */ = {
			isa = PBXGroup;
			children = (
				4598A1372C1AACC0009CA770 /* Info.plist */,
				4571A8662C213464001D731A /* UITesting */,
				45EDDA332C1E7F6C003DABE9 /* Routing */,
				45EDDA3C2C1FB4A6003DABE9 /* Mock */,
				4598A1222C1AA6B8009CA770 /* Resources */,
				4598A1272C1AAA85009CA770 /* Base */,
				4598A1282C1AAA8C009CA770 /* Features */,
				45EDDA282C1E785F003DABE9 /* DI */,
				4598A1142C1AA6AF009CA770 /* PeopleAppApp.swift */,
				4598A1162C1AA6AF009CA770 /* ContentView.swift */,
				4598A1182C1AA6B1009CA770 /* Assets.xcassets */,
				4598A11A2C1AA6B1009CA770 /* Preview Content */,
			);
			path = PeopleApp;
			sourceTree = "<group>";
		};
		4598A11A2C1AA6B1009CA770 /* Preview Content */ = {
			isa = PBXGroup;
			children = (
				4598A11B2C1AA6B1009CA770 /* Preview Assets.xcassets */,
			);
			path = "Preview Content";
			sourceTree = "<group>";
		};
		4598A1222C1AA6B8009CA770 /* Resources */ = {
			isa = PBXGroup;
			children = (
				4598A1382C1ABD08009CA770 /* JSON */,
				4598A1232C1AA6CA009CA770 /* Symbols.swift */,
				4598A1252C1AA8F4009CA770 /* Theme.swift */,
			);
			path = Resources;
			sourceTree = "<group>";
		};
		4598A1272C1AAA85009CA770 /* Base */ = {
			isa = PBXGroup;
			children = (
				45EDD9F52C1D6B8E003DABE9 /* UserDefaults */,
				45EDD9F22C1D6B7D003DABE9 /* Haptics */,
				45EDD9EB2C1C656D003DABE9 /* Extensions */,
				45EDD9E32C1C59FE003DABE9 /* Helpers */,
				45EDD9DC2C1C14FA003DABE9 /* API */,
				4598A1522C1ACC94009CA770 /* View */,
				4598A1472C1AC07B009CA770 /* Mapper */,
				4598A1422C1AC016009CA770 /* Model */,
			);
			path = Base;
			sourceTree = "<group>";
		};
		4598A1282C1AAA8C009CA770 /* Features */ = {
			isa = PBXGroup;
			children = (
				4598A12C2C1AAAC2009CA770 /* People */,
				4598A1292C1AAA93009CA770 /* Settings */,
			);
			path = Features;
			sourceTree = "<group>";
		};
		4598A1292C1AAA93009CA770 /* Settings */ = {
			isa = PBXGroup;
			children = (
				4598A1362C1AAB0E009CA770 /* View */,
			);
			path = Settings;
			sourceTree = "<group>";
		};
		4598A12C2C1AAAC2009CA770 /* People */ = {
			isa = PBXGroup;
			children = (
				45EDDA132C1E6EC3003DABE9 /* Domain */,
				45EDDA152C1E6ED8003DABE9 /* Data */,
				45EDDA162C1E6EDF003DABE9 /* Presentation */,
			);
			path = People;
			sourceTree = "<group>";
		};
		4598A1332C1AAAFE009CA770 /* View */ = {
			isa = PBXGroup;
			children = (
				4598A14A2C1AC546009CA770 /* PeopleView.swift */,
				4598A1502C1ACBCC009CA770 /* PersonItemView.swift */,
				45EDD9D82C1C0F76003DABE9 /* CreateView.swift */,
				4598A1552C1AD078009CA770 /* DetailsView.swift */,
			);
			path = View;
			sourceTree = "<group>";
		};
		4598A1342C1AAB03009CA770 /* ViewModel */ = {
			isa = PBXGroup;
			children = (
				4598A14E2C1AC58E009CA770 /* PeopleViewModel.swift */,
				45EDD9DA2C1C0F95003DABE9 /* CreateViewModel.swift */,
				4598A1572C1AD091009CA770 /* DetailsViewModel.swift */,
			);
			path = ViewModel;
			sourceTree = "<group>";
		};
		4598A1352C1AAB09009CA770 /* Model */ = {
			isa = PBXGroup;
			children = (
				4598A13F2C1ABEA6009CA770 /* UserResponse.swift */,
				4598A13D2C1ABE37009CA770 /* UserDetailsResponse.swift */,
				45EDD9DF2C1C281C003DABE9 /* NewPerson.swift */,
			);
			path = Model;
			sourceTree = "<group>";
		};
		4598A1362C1AAB0E009CA770 /* View */ = {
			isa = PBXGroup;
			children = (
				45EDD9F72C1D6BAB003DABE9 /* SettingsView.swift */,
			);
			path = View;
			sourceTree = "<group>";
		};
		4598A1382C1ABD08009CA770 /* JSON */ = {
			isa = PBXGroup;
			children = (
				45EDD9D62C1C0C66003DABE9 /* JSONOptionType.swift */,
				4598A1392C1ABD2D009CA770 /* SingleUserData.json */,
				4598A13A2C1ABD2D009CA770 /* UsersStaticData.json */,
			);
			path = JSON;
			sourceTree = "<group>";
		};
		4598A1422C1AC016009CA770 /* Model */ = {
			isa = PBXGroup;
			children = (
				4598A1432C1AC02D009CA770 /* User.swift */,
				4598A1452C1AC031009CA770 /* Support.swift */,
				45EDD9E12C1C535E003DABE9 /* ViewState.swift */,
			);
			path = Model;
			sourceTree = "<group>";
		};
		4598A1472C1AC07B009CA770 /* Mapper */ = {
			isa = PBXGroup;
			children = (
				4598A1482C1AC08D009CA770 /* StaticJSONMapper.swift */,
			);
			path = Mapper;
			sourceTree = "<group>";
		};
		4598A1522C1ACC94009CA770 /* View */ = {
			isa = PBXGroup;
			children = (
				45EDD9E92C1C5FF5003DABE9 /* CheckmarkPopoverView.swift */,
				4598A1532C1ACC9B009CA770 /* PillView.swift */,
			);
			path = View;
			sourceTree = "<group>";
		};
		45EDD9DC2C1C14FA003DABE9 /* API */ = {
			isa = PBXGroup;
			children = (
				45EDD9DD2C1C151B003DABE9 /* HTTPClient.swift */,
				45EDD9F92C1D6ED6003DABE9 /* Endpoint.swift */,
			);
			path = API;
			sourceTree = "<group>";
		};
		45EDD9E32C1C59FE003DABE9 /* Helpers */ = {
			isa = PBXGroup;
			children = (
				45EDD9EE2C1D1D64003DABE9 /* Validator */,
				45EDD9E42C1C5A19003DABE9 /* ViewModifier */,
			);
			path = Helpers;
			sourceTree = "<group>";
		};
		45EDD9E42C1C5A19003DABE9 /* ViewModifier */ = {
			isa = PBXGroup;
			children = (
				45EDD9E72C1C5C81003DABE9 /* AlertModifier.swift */,
				45EDD9FB2C1D7B55003DABE9 /* OnFirstAppear.swift */,
			);
			path = ViewModifier;
			sourceTree = "<group>";
		};
		45EDD9EB2C1C656D003DABE9 /* Extensions */ = {
			isa = PBXGroup;
			children = (
				45EDD9EC2C1C6577003DABE9 /* View+Navigation.swift */,
			);
			path = Extensions;
			sourceTree = "<group>";
		};
		45EDD9EE2C1D1D64003DABE9 /* Validator */ = {
			isa = PBXGroup;
			children = (
				45EDD9EF2C1D1D84003DABE9 /* CreateValidator.swift */,
				45050E5E2C20168500E40654 /* CreateValidatorError.swift */,
			);
			path = Validator;
			sourceTree = "<group>";
		};
		45EDD9F22C1D6B7D003DABE9 /* Haptics */ = {
			isa = PBXGroup;
			children = (
				45EDD9F12C1D6B7D003DABE9 /* HapticsManager.swift */,
			);
			path = Haptics;
			sourceTree = "<group>";
		};
		45EDD9F52C1D6B8E003DABE9 /* UserDefaults */ = {
			isa = PBXGroup;
			children = (
				45EDD9F42C1D6B8E003DABE9 /* UserDefaultKeys.swift */,
			);
			path = UserDefaults;
			sourceTree = "<group>";
		};
		45EDDA022C1D8B3A003DABE9 /* PeopleAppTests */ = {
			isa = PBXGroup;
			children = (
				45EDDA0E2C1D951B003DABE9 /* Feature */,
				45EDDA0A2C1D8B4E003DABE9 /* Base */,
			);
			path = PeopleAppTests;
			sourceTree = "<group>";
		};
		45EDDA0A2C1D8B4E003DABE9 /* Base */ = {
			isa = PBXGroup;
			children = (
				45EDDA3F2C1FB9E8003DABE9 /* API */,
				45EDDA102C1D952D003DABE9 /* Validator */,
				45EDDA0B2C1D8B56003DABE9 /* Mapper */,
			);
			path = Base;
			sourceTree = "<group>";
		};
		45EDDA0B2C1D8B56003DABE9 /* Mapper */ = {
			isa = PBXGroup;
			children = (
				45EDDA0C2C1D8B73003DABE9 /* StaticJSONMapperTests.swift */,
			);
			path = Mapper;
			sourceTree = "<group>";
		};
		45EDDA0E2C1D951B003DABE9 /* Feature */ = {
			isa = PBXGroup;
			children = (
				45EDDA362C1FB3A4003DABE9 /* People */,
			);
			path = Feature;
			sourceTree = "<group>";
		};
		45EDDA102C1D952D003DABE9 /* Validator */ = {
			isa = PBXGroup;
			children = (
				45EDDA112C1D953B003DABE9 /* CreateValidatorTests.swift */,
				45050E602C2016CD00E40654 /* CreateValidatorErrorTests.swift */,
			);
			path = Validator;
			sourceTree = "<group>";
		};
		45EDDA132C1E6EC3003DABE9 /* Domain */ = {
			isa = PBXGroup;
			children = (
				4598A1352C1AAB09009CA770 /* Model */,
				45EDDA1A2C1E70A5003DABE9 /* Use case */,
				45EDDA172C1E6F74003DABE9 /* Repositoty */,
			);
			path = Domain;
			sourceTree = "<group>";
		};
		45EDDA152C1E6ED8003DABE9 /* Data */ = {
			isa = PBXGroup;
			children = (
				45EDDA182C1E6F8E003DABE9 /* Datasource */,
				45EDDA192C1E6F98003DABE9 /* Repository */,
			);
			path = Data;
			sourceTree = "<group>";
		};
		45EDDA162C1E6EDF003DABE9 /* Presentation */ = {
			isa = PBXGroup;
			children = (
				4598A1332C1AAAFE009CA770 /* View */,
				4598A1342C1AAB03009CA770 /* ViewModel */,
			);
			path = Presentation;
			sourceTree = "<group>";
		};
		45EDDA172C1E6F74003DABE9 /* Repositoty */ = {
			isa = PBXGroup;
			children = (
				45EDDA1D2C1E7433003DABE9 /* PeopleRepository.swift */,
			);
			path = Repositoty;
			sourceTree = "<group>";
		};
		45EDDA182C1E6F8E003DABE9 /* Datasource */ = {
			isa = PBXGroup;
			children = (
				45EDDA1B2C1E71E4003DABE9 /* PeopleDataSource.swift */,
			);
			path = Datasource;
			sourceTree = "<group>";
		};
		45EDDA192C1E6F98003DABE9 /* Repository */ = {
			isa = PBXGroup;
			children = (
				45EDDA1F2C1E744F003DABE9 /* PeopleRepositoryImpl.swift */,
			);
			path = Repository;
			sourceTree = "<group>";
		};
		45EDDA1A2C1E70A5003DABE9 /* Use case */ = {
			isa = PBXGroup;
			children = (
				45EDDA212C1E751C003DABE9 /* FetchPeopleUseCase.swift */,
				45EDDA242C1E754B003DABE9 /* FetchUserDetailsUseCase.swift */,
				45EDDA262C1E7570003DABE9 /* CreateUserUseCase.swift */,
				4571A8412C2111EF001D731A /* FetchNextPeopleUseCase.swift */,
			);
			path = "Use case";
			sourceTree = "<group>";
		};
		45EDDA282C1E785F003DABE9 /* DI */ = {
			isa = PBXGroup;
			children = (
				45EDDA292C1E7874003DABE9 /* AppDIContainer.swift */,
				4571A84E2C211C9E001D731A /* AppDIContainer+Manager.swift */,
				45EDDA2B2C1E7889003DABE9 /* AddDIContainer+UseCase.swift */,
				45EDDA2C2C1E7889003DABE9 /* AppContainer+DataSource.swift */,
				45EDDA2E2C1E7889003DABE9 /* AppDIContaine+Repository.swift */,
				45EDDA2D2C1E7889003DABE9 /* AppDIContainer+ViewModel.swift */,
			);
			path = DI;
			sourceTree = "<group>";
		};
		45EDDA332C1E7F6C003DABE9 /* Routing */ = {
			isa = PBXGroup;
			children = (
				45EDDA342C1E7F77003DABE9 /* AppRouter.swift */,
			);
			path = Routing;
			sourceTree = "<group>";
		};
		45EDDA362C1FB3A4003DABE9 /* People */ = {
			isa = PBXGroup;
			children = (
				45EDDA372C1FB3AC003DABE9 /* Domain */,
				45EDDA3B2C1FB49B003DABE9 /* Data */,
				45050E622C2103EF00E40654 /* Presentation */,
			);
			path = People;
			sourceTree = "<group>";
		};
		45EDDA372C1FB3AC003DABE9 /* Domain */ = {
			isa = PBXGroup;
			children = (
				45EDDA382C1FB3B8003DABE9 /* Use case */,
			);
			path = Domain;
			sourceTree = "<group>";
		};
		45EDDA382C1FB3B8003DABE9 /* Use case */ = {
			isa = PBXGroup;
			children = (
				45EDDA392C1FB466003DABE9 /* FetchPeopleUseCaseTests.swift */,
				45EDDA462C1FD2D4003DABE9 /* FetchUserDetailsUseCaseTests.swift */,
				45EDDA482C1FD3FC003DABE9 /* CreateUserUseCaseTests.swift */,
				4571A83F2C2111CE001D731A /* FetchNextPeopleUseCaseTests.swift */,
			);
			path = "Use case";
			sourceTree = "<group>";
		};
		45EDDA3B2C1FB49B003DABE9 /* Data */ = {
			isa = PBXGroup;
			children = (
				45EDDA572C1FFA2E003DABE9 /* Repositoty */,
				45EDDA542C1FD713003DABE9 /* Datasource */,
			);
			path = Data;
			sourceTree = "<group>";
		};
		45EDDA3C2C1FB4A6003DABE9 /* Mock */ = {
			isa = PBXGroup;
			children = (
				45050E662C21047300E40654 /* MockUseCase */,
				45EDDA4E2C1FD64E003DABE9 /* MockPeopleDataSource */,
				45EDDA4D2C1FD63D003DABE9 /* MockPeopleRepository */,
				45EDDA4A2C1FD540003DABE9 /* MockHTTPClient */,
			);
			path = Mock;
			sourceTree = "<group>";
		};
		45EDDA3F2C1FB9E8003DABE9 /* API */ = {
			isa = PBXGroup;
			children = (
				45EDDA402C1FBA01003DABE9 /* EndpointTests.swift */,
				45EDDA442C1FBFAB003DABE9 /* HTTPClientTests.swift */,
			);
			path = API;
			sourceTree = "<group>";
		};
		45EDDA4A2C1FD540003DABE9 /* MockHTTPClient */ = {
			isa = PBXGroup;
			children = (
				45EDDA422C1FBDF1003DABE9 /* MockURLSessionProtocol.swift */,
				45EDDA5C2C200886003DABE9 /* HTTPClientMock.swift */,
			);
			path = MockHTTPClient;
			sourceTree = "<group>";
		};
		45EDDA4D2C1FD63D003DABE9 /* MockPeopleRepository */ = {
			isa = PBXGroup;
			children = (
				45EDDA3D2C1FB4B7003DABE9 /* PeopleRepositoryMock.swift */,
			);
			path = MockPeopleRepository;
			sourceTree = "<group>";
		};
		45EDDA4E2C1FD64E003DABE9 /* MockPeopleDataSource */ = {
			isa = PBXGroup;
			children = (
				45EDDA4F2C1FD67E003DABE9 /* PeopleDataSourceSuccessMock.swift */,
				45EDDA512C1FD69C003DABE9 /* PeopleDataSourceFailMock.swift */,
				45EDDA5A2C1FFB70003DABE9 /* PeopleDataSourceMock.swift */,
			);
			path = MockPeopleDataSource;
			sourceTree = "<group>";
		};
		45EDDA542C1FD713003DABE9 /* Datasource */ = {
			isa = PBXGroup;
			children = (
				45EDDA552C1FD731003DABE9 /* PeopleDataSourceTests.swift */,
			);
			path = Datasource;
			sourceTree = "<group>";
		};
		45EDDA572C1FFA2E003DABE9 /* Repositoty */ = {
			isa = PBXGroup;
			children = (
				45EDDA582C1FFA3D003DABE9 /* PeopleRepositoryTests.swift */,
			);
			path = Repositoty;
			sourceTree = "<group>";
		};
/* End PBXGroup section */

/* Begin PBXNativeTarget section */
		4571A8552C21321B001D731A /* PeopleAppUITests */ = {
			isa = PBXNativeTarget;
			buildConfigurationList = 4571A8602C21321B001D731A /* Build configuration list for PBXNativeTarget "PeopleAppUITests" */;
			buildPhases = (
				4571A8522C21321B001D731A /* Sources */,
				4571A8532C21321B001D731A /* Frameworks */,
				4571A8542C21321B001D731A /* Resources */,
			);
			buildRules = (
			);
			dependencies = (
				4571A85D2C21321B001D731A /* PBXTargetDependency */,
			);
			name = PeopleAppUITests;
			productName = PeopleAppUITests;
			productReference = 4571A8562C21321B001D731A /* PeopleAppUITests.xctest */;
			productType = "com.apple.product-type.bundle.ui-testing";
		};
		4598A1102C1AA6AF009CA770 /* PeopleApp */ = {
			isa = PBXNativeTarget;
			buildConfigurationList = 4598A11F2C1AA6B1009CA770 /* Build configuration list for PBXNativeTarget "PeopleApp" */;
			buildPhases = (
				4598A10D2C1AA6AF009CA770 /* Sources */,
				4598A10E2C1AA6AF009CA770 /* Frameworks */,
				4598A10F2C1AA6AF009CA770 /* Resources */,
			);
			buildRules = (
			);
			dependencies = (
			);
			name = PeopleApp;
			productName = PeopleApp;
			productReference = 4598A1112C1AA6AF009CA770 /* PeopleApp.app */;
			productType = "com.apple.product-type.application";
		};
		45EDDA002C1D8B3A003DABE9 /* PeopleAppTests */ = {
			isa = PBXNativeTarget;
			buildConfigurationList = 45EDDA072C1D8B3A003DABE9 /* Build configuration list for PBXNativeTarget "PeopleAppTests" */;
			buildPhases = (
				45EDD9FD2C1D8B3A003DABE9 /* Sources */,
				45EDD9FE2C1D8B3A003DABE9 /* Frameworks */,
				45EDD9FF2C1D8B3A003DABE9 /* Resources */,
			);
			buildRules = (
			);
			dependencies = (
				45EDDA062C1D8B3A003DABE9 /* PBXTargetDependency */,
			);
			name = PeopleAppTests;
			productName = PeopleAppTests;
			productReference = 45EDDA012C1D8B3A003DABE9 /* PeopleAppTests.xctest */;
			productType = "com.apple.product-type.bundle.unit-test";
		};
/* End PBXNativeTarget section */

/* Begin PBXProject section */
		4598A1092C1AA6AF009CA770 /* Project object */ = {
			isa = PBXProject;
			attributes = {
				BuildIndependentTargetsInParallel = 1;
				LastSwiftUpdateCheck = 1530;
				LastUpgradeCheck = 1530;
				TargetAttributes = {
					4571A8552C21321B001D731A = {
						CreatedOnToolsVersion = 15.3;
						LastSwiftMigration = 1530;
						TestTargetID = 4598A1102C1AA6AF009CA770;
					};
					4598A1102C1AA6AF009CA770 = {
						CreatedOnToolsVersion = 15.3;
					};
					45EDDA002C1D8B3A003DABE9 = {
						CreatedOnToolsVersion = 15.3;
						TestTargetID = 4598A1102C1AA6AF009CA770;
					};
				};
			};
			buildConfigurationList = 4598A10C2C1AA6AF009CA770 /* Build configuration list for PBXProject "PeopleApp" */;
			compatibilityVersion = "Xcode 14.0";
			developmentRegion = en;
			hasScannedForEncodings = 0;
			knownRegions = (
				en,
				Base,
			);
			mainGroup = 4598A1082C1AA6AF009CA770;
			productRefGroup = 4598A1122C1AA6AF009CA770 /* Products */;
			projectDirPath = "";
			projectRoot = "";
			targets = (
				4598A1102C1AA6AF009CA770 /* PeopleApp */,
				45EDDA002C1D8B3A003DABE9 /* PeopleAppTests */,
				4571A8552C21321B001D731A /* PeopleAppUITests */,
			);
		};
/* End PBXProject section */

/* Begin PBXResourcesBuildPhase section */
		4571A8542C21321B001D731A /* Resources */ = {
			isa = PBXResourcesBuildPhase;
			buildActionMask = 2147483647;
			files = (
			);
			runOnlyForDeploymentPostprocessing = 0;
		};
		4598A10F2C1AA6AF009CA770 /* Resources */ = {
			isa = PBXResourcesBuildPhase;
			buildActionMask = 2147483647;
			files = (
				4598A13C2C1ABD2D009CA770 /* UsersStaticData.json in Resources */,
				4598A13B2C1ABD2D009CA770 /* SingleUserData.json in Resources */,
				4598A11C2C1AA6B1009CA770 /* Preview Assets.xcassets in Resources */,
				4598A1192C1AA6B1009CA770 /* Assets.xcassets in Resources */,
			);
			runOnlyForDeploymentPostprocessing = 0;
		};
		45EDD9FF2C1D8B3A003DABE9 /* Resources */ = {
			isa = PBXResourcesBuildPhase;
			buildActionMask = 2147483647;
			files = (
			);
			runOnlyForDeploymentPostprocessing = 0;
		};
/* End PBXResourcesBuildPhase section */

/* Begin PBXSourcesBuildPhase section */
		4571A8522C21321B001D731A /* Sources */ = {
			isa = PBXSourcesBuildPhase;
			buildActionMask = 2147483647;
			files = (
				45AAC4CB2C2269F7005B52A4 /* SettingsViewUITests.swift in Sources */,
				4571A8652C21326B001D731A /* PeopleViewUITests.swift in Sources */,
				45AAC4C52C214C95005B52A4 /* UITestingHelper.swift in Sources */,
				45AAC4C72C225C47005B52A4 /* CreateViewUITests.swift in Sources */,
				45AAC4C42C214A1D005B52A4 /* DetailsViewUITests.swift in Sources */,
			);
			runOnlyForDeploymentPostprocessing = 0;
		};
		4598A10D2C1AA6AF009CA770 /* Sources */ = {
			isa = PBXSourcesBuildPhase;
			buildActionMask = 2147483647;
			files = (
				4571A8512C211D1F001D731A /* MockCreateValidator.swift in Sources */,
				4571A8422C2111EF001D731A /* FetchNextPeopleUseCase.swift in Sources */,
				4598A14F2C1AC58E009CA770 /* PeopleViewModel.swift in Sources */,
				4571A84D2C211A6F001D731A /* MockCreateUserUseCase.swift in Sources */,
				45EDDA222C1E751C003DABE9 /* FetchPeopleUseCase.swift in Sources */,
				45EDDA302C1E7889003DABE9 /* AppContainer+DataSource.swift in Sources */,
				45EDD9FA2C1D6ED6003DABE9 /* Endpoint.swift in Sources */,
				4598A1562C1AD078009CA770 /* DetailsView.swift in Sources */,
				45EDDA1C2C1E71E4003DABE9 /* PeopleDataSource.swift in Sources */,
				4571A84F2C211C9E001D731A /* AppDIContainer+Manager.swift in Sources */,
				45EDD9D92C1C0F76003DABE9 /* CreateView.swift in Sources */,
				4598A1582C1AD091009CA770 /* DetailsViewModel.swift in Sources */,
				4598A1242C1AA6CA009CA770 /* Symbols.swift in Sources */,
				45EDDA2A2C1E7874003DABE9 /* AppDIContainer.swift in Sources */,
				45EDD9D72C1C0C66003DABE9 /* JSONOptionType.swift in Sources */,
				45EDDA252C1E754B003DABE9 /* FetchUserDetailsUseCase.swift in Sources */,
				45EDD9DB2C1C0F95003DABE9 /* CreateViewModel.swift in Sources */,
				45EDD9F02C1D1D84003DABE9 /* CreateValidator.swift in Sources */,
				45EDD9F62C1D6B8E003DABE9 /* UserDefaultKeys.swift in Sources */,
				45EDDA502C1FD67E003DABE9 /* PeopleDataSourceSuccessMock.swift in Sources */,
				45EDDA322C1E7889003DABE9 /* AppDIContaine+Repository.swift in Sources */,
				4598A14B2C1AC546009CA770 /* PeopleView.swift in Sources */,
				45EDD9E22C1C535E003DABE9 /* ViewState.swift in Sources */,
				45050E682C21048700E40654 /* MockFetchPeopleUseCase.swift in Sources */,
				45EDDA312C1E7889003DABE9 /* AppDIContainer+ViewModel.swift in Sources */,
				45EDDA2F2C1E7889003DABE9 /* AddDIContainer+UseCase.swift in Sources */,
				45EDD9FC2C1D7B55003DABE9 /* OnFirstAppear.swift in Sources */,
				4598A13E2C1ABE37009CA770 /* UserDetailsResponse.swift in Sources */,
				45050E5F2C20168500E40654 /* CreateValidatorError.swift in Sources */,
				45EDDA532C1FD6D5003DABE9 /* PeopleRepositoryMock.swift in Sources */,
				45EDDA432C1FBDF2003DABE9 /* MockURLSessionProtocol.swift in Sources */,
				4571A8692C21347F001D731A /* UITestingHelper.swift in Sources */,
				45EDDA5D2C200886003DABE9 /* HTTPClientMock.swift in Sources */,
				45EDD9EA2C1C5FF5003DABE9 /* CheckmarkPopoverView.swift in Sources */,
				4598A1512C1ACBCC009CA770 /* PersonItemView.swift in Sources */,
				4598A1542C1ACC9B009CA770 /* PillView.swift in Sources */,
				4598A1492C1AC08D009CA770 /* StaticJSONMapper.swift in Sources */,
				45EDD9ED2C1C6577003DABE9 /* View+Navigation.swift in Sources */,
				45EDDA5B2C1FFB70003DABE9 /* PeopleDataSourceMock.swift in Sources */,
				45EDDA272C1E7570003DABE9 /* CreateUserUseCase.swift in Sources */,
				4598A1262C1AA8F5009CA770 /* Theme.swift in Sources */,
				4598A1172C1AA6AF009CA770 /* ContentView.swift in Sources */,
				45EDDA522C1FD69C003DABE9 /* PeopleDataSourceFailMock.swift in Sources */,
				45EDDA1E2C1E7433003DABE9 /* PeopleRepository.swift in Sources */,
				4571A8442C211375001D731A /* MockFetchNextPeopleUseCase.swift in Sources */,
				4598A1152C1AA6AF009CA770 /* PeopleAppApp.swift in Sources */,
				45EDDA352C1E7F77003DABE9 /* AppRouter.swift in Sources */,
				45EDD9E02C1C281C003DABE9 /* NewPerson.swift in Sources */,
				45EDD9F82C1D6BAB003DABE9 /* SettingsView.swift in Sources */,
				4598A1462C1AC031009CA770 /* Support.swift in Sources */,
				4598A1402C1ABEA6009CA770 /* UserResponse.swift in Sources */,
				45EDD9F32C1D6B7D003DABE9 /* HapticsManager.swift in Sources */,
				45EDD9E82C1C5C81003DABE9 /* AlertModifier.swift in Sources */,
				45EDD9DE2C1C151B003DABE9 /* HTTPClient.swift in Sources */,
				45EDDA202C1E744F003DABE9 /* PeopleRepositoryImpl.swift in Sources */,
				4571A8482C211860001D731A /* MockFetchUserDetailsUseCase.swift in Sources */,
				4598A1442C1AC02D009CA770 /* User.swift in Sources */,
			);
			runOnlyForDeploymentPostprocessing = 0;
		};
		45EDD9FD2C1D8B3A003DABE9 /* Sources */ = {
			isa = PBXSourcesBuildPhase;
			buildActionMask = 2147483647;
			files = (
				45EDDA3A2C1FB466003DABE9 /* FetchPeopleUseCaseTests.swift in Sources */,
				45EDDA562C1FD731003DABE9 /* PeopleDataSourceTests.swift in Sources */,
				4571A8462C2117AC001D731A /* DetailsViewModelTests.swift in Sources */,
				45EDDA452C1FBFAB003DABE9 /* HTTPClientTests.swift in Sources */,
				45050E652C21041800E40654 /* PeopleViewModelTests.swift in Sources */,
				45EDDA472C1FD2D4003DABE9 /* FetchUserDetailsUseCaseTests.swift in Sources */,
				4571A84B2C2119E2001D731A /* CreateViewModelTests.swift in Sources */,
				45EDDA122C1D953B003DABE9 /* CreateValidatorTests.swift in Sources */,
				4571A8402C2111CE001D731A /* FetchNextPeopleUseCaseTests.swift in Sources */,
				45EDDA412C1FBA01003DABE9 /* EndpointTests.swift in Sources */,
				45EDDA592C1FFA3D003DABE9 /* PeopleRepositoryTests.swift in Sources */,
				45050E612C2016CD00E40654 /* CreateValidatorErrorTests.swift in Sources */,
				45EDDA492C1FD3FC003DABE9 /* CreateUserUseCaseTests.swift in Sources */,
				45EDDA0D2C1D8B73003DABE9 /* StaticJSONMapperTests.swift in Sources */,
			);
			runOnlyForDeploymentPostprocessing = 0;
		};
/* End PBXSourcesBuildPhase section */

/* Begin PBXTargetDependency section */
		4571A85D2C21321B001D731A /* PBXTargetDependency */ = {
			isa = PBXTargetDependency;
			target = 4598A1102C1AA6AF009CA770 /* PeopleApp */;
			targetProxy = 4571A85C2C21321B001D731A /* PBXContainerItemProxy */;
		};
		45EDDA062C1D8B3A003DABE9 /* PBXTargetDependency */ = {
			isa = PBXTargetDependency;
			target = 4598A1102C1AA6AF009CA770 /* PeopleApp */;
			targetProxy = 45EDDA052C1D8B3A003DABE9 /* PBXContainerItemProxy */;
		};
/* End PBXTargetDependency section */

/* Begin XCBuildConfiguration section */
		4571A85E2C21321B001D731A /* Debug */ = {
			isa = XCBuildConfiguration;
			buildSettings = {
				CLANG_ENABLE_MODULES = YES;
				CODE_SIGN_STYLE = Automatic;
				CURRENT_PROJECT_VERSION = 1;
				DEVELOPMENT_TEAM = 9Y2T9A6MZZ;
				GENERATE_INFOPLIST_FILE = YES;
				MARKETING_VERSION = 1.0;
				PRODUCT_BUNDLE_IDENTIFIER = com.tolmetti.PeopleAppUITests;
				PRODUCT_NAME = "$(TARGET_NAME)";
				SWIFT_EMIT_LOC_STRINGS = NO;
				SWIFT_OPTIMIZATION_LEVEL = "-Onone";
				SWIFT_VERSION = 5.0;
				TARGETED_DEVICE_FAMILY = "1,2";
				TEST_TARGET_NAME = PeopleApp;
			};
			name = Debug;
		};
		4571A85F2C21321B001D731A /* Release */ = {
			isa = XCBuildConfiguration;
			buildSettings = {
				CLANG_ENABLE_MODULES = YES;
				CODE_SIGN_STYLE = Automatic;
				CURRENT_PROJECT_VERSION = 1;
				DEVELOPMENT_TEAM = 9Y2T9A6MZZ;
				GENERATE_INFOPLIST_FILE = YES;
				MARKETING_VERSION = 1.0;
				PRODUCT_BUNDLE_IDENTIFIER = com.tolmetti.PeopleAppUITests;
				PRODUCT_NAME = "$(TARGET_NAME)";
				SWIFT_EMIT_LOC_STRINGS = NO;
				SWIFT_VERSION = 5.0;
				TARGETED_DEVICE_FAMILY = "1,2";
				TEST_TARGET_NAME = PeopleApp;
			};
			name = Release;
		};
		4598A11D2C1AA6B1009CA770 /* Debug */ = {
			isa = XCBuildConfiguration;
			buildSettings = {
				ALWAYS_SEARCH_USER_PATHS = NO;
				ASSETCATALOG_COMPILER_GENERATE_SWIFT_ASSET_SYMBOL_EXTENSIONS = YES;
				CLANG_ANALYZER_NONNULL = YES;
				CLANG_ANALYZER_NUMBER_OBJECT_CONVERSION = YES_AGGRESSIVE;
				CLANG_CXX_LANGUAGE_STANDARD = "gnu++20";
				CLANG_ENABLE_MODULES = YES;
				CLANG_ENABLE_OBJC_ARC = YES;
				CLANG_ENABLE_OBJC_WEAK = YES;
				CLANG_WARN_BLOCK_CAPTURE_AUTORELEASING = YES;
				CLANG_WARN_BOOL_CONVERSION = YES;
				CLANG_WARN_COMMA = YES;
				CLANG_WARN_CONSTANT_CONVERSION = YES;
				CLANG_WARN_DEPRECATED_OBJC_IMPLEMENTATIONS = YES;
				CLANG_WARN_DIRECT_OBJC_ISA_USAGE = YES_ERROR;
				CLANG_WARN_DOCUMENTATION_COMMENTS = YES;
				CLANG_WARN_EMPTY_BODY = YES;
				CLANG_WARN_ENUM_CONVERSION = YES;
				CLANG_WARN_INFINITE_RECURSION = YES;
				CLANG_WARN_INT_CONVERSION = YES;
				CLANG_WARN_NON_LITERAL_NULL_CONVERSION = YES;
				CLANG_WARN_OBJC_IMPLICIT_RETAIN_SELF = YES;
				CLANG_WARN_OBJC_LITERAL_CONVERSION = YES;
				CLANG_WARN_OBJC_ROOT_CLASS = YES_ERROR;
				CLANG_WARN_QUOTED_INCLUDE_IN_FRAMEWORK_HEADER = YES;
				CLANG_WARN_RANGE_LOOP_ANALYSIS = YES;
				CLANG_WARN_STRICT_PROTOTYPES = YES;
				CLANG_WARN_SUSPICIOUS_MOVE = YES;
				CLANG_WARN_UNGUARDED_AVAILABILITY = YES_AGGRESSIVE;
				CLANG_WARN_UNREACHABLE_CODE = YES;
				CLANG_WARN__DUPLICATE_METHOD_MATCH = YES;
				COPY_PHASE_STRIP = NO;
				DEBUG_INFORMATION_FORMAT = dwarf;
				ENABLE_STRICT_OBJC_MSGSEND = YES;
				ENABLE_TESTABILITY = YES;
				ENABLE_USER_SCRIPT_SANDBOXING = YES;
				GCC_C_LANGUAGE_STANDARD = gnu17;
				GCC_DYNAMIC_NO_PIC = NO;
				GCC_NO_COMMON_BLOCKS = YES;
				GCC_OPTIMIZATION_LEVEL = 0;
				GCC_PREPROCESSOR_DEFINITIONS = (
					"DEBUG=1",
					"$(inherited)",
				);
				GCC_WARN_64_TO_32_BIT_CONVERSION = YES;
				GCC_WARN_ABOUT_RETURN_TYPE = YES_ERROR;
				GCC_WARN_UNDECLARED_SELECTOR = YES;
				GCC_WARN_UNINITIALIZED_AUTOS = YES_AGGRESSIVE;
				GCC_WARN_UNUSED_FUNCTION = YES;
				GCC_WARN_UNUSED_VARIABLE = YES;
				IPHONEOS_DEPLOYMENT_TARGET = 17.4;
				LOCALIZATION_PREFERS_STRING_CATALOGS = YES;
				MTL_ENABLE_DEBUG_INFO = INCLUDE_SOURCE;
				MTL_FAST_MATH = YES;
				ONLY_ACTIVE_ARCH = YES;
				SDKROOT = iphoneos;
				SWIFT_ACTIVE_COMPILATION_CONDITIONS = "DEBUG $(inherited)";
				SWIFT_OPTIMIZATION_LEVEL = "-Onone";
			};
			name = Debug;
		};
		4598A11E2C1AA6B1009CA770 /* Release */ = {
			isa = XCBuildConfiguration;
			buildSettings = {
				ALWAYS_SEARCH_USER_PATHS = NO;
				ASSETCATALOG_COMPILER_GENERATE_SWIFT_ASSET_SYMBOL_EXTENSIONS = YES;
				CLANG_ANALYZER_NONNULL = YES;
				CLANG_ANALYZER_NUMBER_OBJECT_CONVERSION = YES_AGGRESSIVE;
				CLANG_CXX_LANGUAGE_STANDARD = "gnu++20";
				CLANG_ENABLE_MODULES = YES;
				CLANG_ENABLE_OBJC_ARC = YES;
				CLANG_ENABLE_OBJC_WEAK = YES;
				CLANG_WARN_BLOCK_CAPTURE_AUTORELEASING = YES;
				CLANG_WARN_BOOL_CONVERSION = YES;
				CLANG_WARN_COMMA = YES;
				CLANG_WARN_CONSTANT_CONVERSION = YES;
				CLANG_WARN_DEPRECATED_OBJC_IMPLEMENTATIONS = YES;
				CLANG_WARN_DIRECT_OBJC_ISA_USAGE = YES_ERROR;
				CLANG_WARN_DOCUMENTATION_COMMENTS = YES;
				CLANG_WARN_EMPTY_BODY = YES;
				CLANG_WARN_ENUM_CONVERSION = YES;
				CLANG_WARN_INFINITE_RECURSION = YES;
				CLANG_WARN_INT_CONVERSION = YES;
				CLANG_WARN_NON_LITERAL_NULL_CONVERSION = YES;
				CLANG_WARN_OBJC_IMPLICIT_RETAIN_SELF = YES;
				CLANG_WARN_OBJC_LITERAL_CONVERSION = YES;
				CLANG_WARN_OBJC_ROOT_CLASS = YES_ERROR;
				CLANG_WARN_QUOTED_INCLUDE_IN_FRAMEWORK_HEADER = YES;
				CLANG_WARN_RANGE_LOOP_ANALYSIS = YES;
				CLANG_WARN_STRICT_PROTOTYPES = YES;
				CLANG_WARN_SUSPICIOUS_MOVE = YES;
				CLANG_WARN_UNGUARDED_AVAILABILITY = YES_AGGRESSIVE;
				CLANG_WARN_UNREACHABLE_CODE = YES;
				CLANG_WARN__DUPLICATE_METHOD_MATCH = YES;
				COPY_PHASE_STRIP = NO;
				DEBUG_INFORMATION_FORMAT = "dwarf-with-dsym";
				ENABLE_NS_ASSERTIONS = NO;
				ENABLE_STRICT_OBJC_MSGSEND = YES;
				ENABLE_USER_SCRIPT_SANDBOXING = YES;
				GCC_C_LANGUAGE_STANDARD = gnu17;
				GCC_NO_COMMON_BLOCKS = YES;
				GCC_WARN_64_TO_32_BIT_CONVERSION = YES;
				GCC_WARN_ABOUT_RETURN_TYPE = YES_ERROR;
				GCC_WARN_UNDECLARED_SELECTOR = YES;
				GCC_WARN_UNINITIALIZED_AUTOS = YES_AGGRESSIVE;
				GCC_WARN_UNUSED_FUNCTION = YES;
				GCC_WARN_UNUSED_VARIABLE = YES;
				IPHONEOS_DEPLOYMENT_TARGET = 17.4;
				LOCALIZATION_PREFERS_STRING_CATALOGS = YES;
				MTL_ENABLE_DEBUG_INFO = NO;
				MTL_FAST_MATH = YES;
				SDKROOT = iphoneos;
				SWIFT_COMPILATION_MODE = wholemodule;
				VALIDATE_PRODUCT = YES;
			};
			name = Release;
		};
		4598A1202C1AA6B1009CA770 /* Debug */ = {
			isa = XCBuildConfiguration;
			buildSettings = {
				ASSETCATALOG_COMPILER_APPICON_NAME = AppIcon;
				ASSETCATALOG_COMPILER_GLOBAL_ACCENT_COLOR_NAME = AccentColor;
				CODE_SIGN_STYLE = Automatic;
				CURRENT_PROJECT_VERSION = 1;
				DEVELOPMENT_ASSET_PATHS = "\"PeopleApp/Preview Content\"";
				DEVELOPMENT_TEAM = 9Y2T9A6MZZ;
				ENABLE_PREVIEWS = YES;
				GENERATE_INFOPLIST_FILE = YES;
				INFOPLIST_FILE = PeopleApp/Info.plist;
				INFOPLIST_KEY_UIApplicationSceneManifest_Generation = YES;
				INFOPLIST_KEY_UIApplicationSupportsIndirectInputEvents = YES;
				INFOPLIST_KEY_UISupportedInterfaceOrientations_iPad = "UIInterfaceOrientationPortrait UIInterfaceOrientationPortraitUpsideDown UIInterfaceOrientationLandscapeLeft UIInterfaceOrientationLandscapeRight";
				INFOPLIST_KEY_UISupportedInterfaceOrientations_iPhone = "UIInterfaceOrientationPortrait UIInterfaceOrientationLandscapeLeft UIInterfaceOrientationLandscapeRight";
				IPHONEOS_DEPLOYMENT_TARGET = 17.0;
				LD_RUNPATH_SEARCH_PATHS = (
					"$(inherited)",
					"@executable_path/Frameworks",
				);
				MARKETING_VERSION = 1.0;
				PRODUCT_BUNDLE_IDENTIFIER = com.tolmetti.PeopleApp;
				PRODUCT_NAME = "$(TARGET_NAME)";
				SWIFT_EMIT_LOC_STRINGS = YES;
				SWIFT_VERSION = 5.0;
				TARGETED_DEVICE_FAMILY = "1,2";
			};
			name = Debug;
		};
		4598A1212C1AA6B1009CA770 /* Release */ = {
			isa = XCBuildConfiguration;
			buildSettings = {
				ASSETCATALOG_COMPILER_APPICON_NAME = AppIcon;
				ASSETCATALOG_COMPILER_GLOBAL_ACCENT_COLOR_NAME = AccentColor;
				CODE_SIGN_STYLE = Automatic;
				CURRENT_PROJECT_VERSION = 1;
				DEVELOPMENT_ASSET_PATHS = "\"PeopleApp/Preview Content\"";
				DEVELOPMENT_TEAM = 9Y2T9A6MZZ;
				ENABLE_PREVIEWS = YES;
				GENERATE_INFOPLIST_FILE = YES;
				INFOPLIST_FILE = PeopleApp/Info.plist;
				INFOPLIST_KEY_UIApplicationSceneManifest_Generation = YES;
				INFOPLIST_KEY_UIApplicationSupportsIndirectInputEvents = YES;
				INFOPLIST_KEY_UISupportedInterfaceOrientations_iPad = "UIInterfaceOrientationPortrait UIInterfaceOrientationPortraitUpsideDown UIInterfaceOrientationLandscapeLeft UIInterfaceOrientationLandscapeRight";
				INFOPLIST_KEY_UISupportedInterfaceOrientations_iPhone = "UIInterfaceOrientationPortrait UIInterfaceOrientationLandscapeLeft UIInterfaceOrientationLandscapeRight";
				IPHONEOS_DEPLOYMENT_TARGET = 17.0;
				LD_RUNPATH_SEARCH_PATHS = (
					"$(inherited)",
					"@executable_path/Frameworks",
				);
				MARKETING_VERSION = 1.0;
				PRODUCT_BUNDLE_IDENTIFIER = com.tolmetti.PeopleApp;
				PRODUCT_NAME = "$(TARGET_NAME)";
				SWIFT_EMIT_LOC_STRINGS = YES;
				SWIFT_VERSION = 5.0;
				TARGETED_DEVICE_FAMILY = "1,2";
			};
			name = Release;
		};
		45EDDA082C1D8B3A003DABE9 /* Debug */ = {
			isa = XCBuildConfiguration;
			buildSettings = {
				BUNDLE_LOADER = "$(TEST_HOST)";
				CODE_SIGN_STYLE = Automatic;
				CURRENT_PROJECT_VERSION = 1;
				DEVELOPMENT_TEAM = 9Y2T9A6MZZ;
				GENERATE_INFOPLIST_FILE = YES;
				MARKETING_VERSION = 1.0;
				PRODUCT_BUNDLE_IDENTIFIER = com.tolmetti.PeopleAppTests;
				PRODUCT_NAME = "$(TARGET_NAME)";
				SWIFT_EMIT_LOC_STRINGS = NO;
				SWIFT_VERSION = 5.0;
				TARGETED_DEVICE_FAMILY = "1,2";
				TEST_HOST = "$(BUILT_PRODUCTS_DIR)/PeopleApp.app/$(BUNDLE_EXECUTABLE_FOLDER_PATH)/PeopleApp";
			};
			name = Debug;
		};
		45EDDA092C1D8B3A003DABE9 /* Release */ = {
			isa = XCBuildConfiguration;
			buildSettings = {
				BUNDLE_LOADER = "$(TEST_HOST)";
				CODE_SIGN_STYLE = Automatic;
				CURRENT_PROJECT_VERSION = 1;
				DEVELOPMENT_TEAM = 9Y2T9A6MZZ;
				GENERATE_INFOPLIST_FILE = YES;
				MARKETING_VERSION = 1.0;
				PRODUCT_BUNDLE_IDENTIFIER = com.tolmetti.PeopleAppTests;
				PRODUCT_NAME = "$(TARGET_NAME)";
				SWIFT_EMIT_LOC_STRINGS = NO;
				SWIFT_VERSION = 5.0;
				TARGETED_DEVICE_FAMILY = "1,2";
				TEST_HOST = "$(BUILT_PRODUCTS_DIR)/PeopleApp.app/$(BUNDLE_EXECUTABLE_FOLDER_PATH)/PeopleApp";
			};
			name = Release;
		};
/* End XCBuildConfiguration section */

/* Begin XCConfigurationList section */
		4571A8602C21321B001D731A /* Build configuration list for PBXNativeTarget "PeopleAppUITests" */ = {
			isa = XCConfigurationList;
			buildConfigurations = (
				4571A85E2C21321B001D731A /* Debug */,
				4571A85F2C21321B001D731A /* Release */,
			);
			defaultConfigurationIsVisible = 0;
			defaultConfigurationName = Release;
		};
		4598A10C2C1AA6AF009CA770 /* Build configuration list for PBXProject "PeopleApp" */ = {
			isa = XCConfigurationList;
			buildConfigurations = (
				4598A11D2C1AA6B1009CA770 /* Debug */,
				4598A11E2C1AA6B1009CA770 /* Release */,
			);
			defaultConfigurationIsVisible = 0;
			defaultConfigurationName = Release;
		};
		4598A11F2C1AA6B1009CA770 /* Build configuration list for PBXNativeTarget "PeopleApp" */ = {
			isa = XCConfigurationList;
			buildConfigurations = (
				4598A1202C1AA6B1009CA770 /* Debug */,
				4598A1212C1AA6B1009CA770 /* Release */,
			);
			defaultConfigurationIsVisible = 0;
			defaultConfigurationName = Release;
		};
		45EDDA072C1D8B3A003DABE9 /* Build configuration list for PBXNativeTarget "PeopleAppTests" */ = {
			isa = XCConfigurationList;
			buildConfigurations = (
				45EDDA082C1D8B3A003DABE9 /* Debug */,
				45EDDA092C1D8B3A003DABE9 /* Release */,
			);
			defaultConfigurationIsVisible = 0;
			defaultConfigurationName = Release;
		};
/* End XCConfigurationList section */
	};
	rootObject = 4598A1092C1AA6AF009CA770 /* Project object */;
}
